
Microsoft Visual Studio Solution File, Format Version 12.00
# Visual Studio Version 17
VisualStudioVersion = 17.14.37516.0
MinimumVisualStudioVersion = 10.0.40219.1
Project("{8BC9CEB8-8B4A-11D0-8D11-00A0C91BC942}") = "CreateProcessSample", "src\process\CreateProcessSample\CreateProcessSample.vcxproj", "{0052A019-0375-4C54-B3A7-A0B512DB0C68}"
EndProject
Project("{2150E333-8FDC-42A3-9474-1A3956D46DE8}") = "Process", "Process", "{C8D5274F-AC00-46C7-1F8D-E88E81087A52}"
EndProject
Project("{2150E333-8FDC-42A3-9474-1A3956D46DE8}") = "Security", "Security", "{E3AFC77F-D7EE-4399-866B-4234EB978C56}"
EndProject
Project("{2150E333-8FDC-42A3-9474-1A3956D46DE8}") = "Thread", "Thread", "{3BAA23A9-2429-4A52-AC22-0F4D33866FE4}"
EndProject
Project("{8BC9CEB8-8B4A-11D0-8D11-00A0C91BC942}") = "PrintSid", "src\security\PrintSid\PrintSid.vcxproj", "{567A17B6-0F19-4D23-A57F-A1A4F7052E5B}"
EndProject
Project("{8BC9CEB8-8B4A-11D0-8D11-00A0C91BC942}") = "Affinity", "src\thread\Affinity\Affinity.vcxproj", "{29259DD5-4C27-471B-A287-5CA6908CB792}"
EndProject
Project("{8BC9CEB8-8B4A-11D0-8D11-00A0C91BC942}") = "beginThread", "src\thread\beginThread\beginThread.vcxproj", "{CD62A44B-1DB8-4494-AB41-6360F43B9F4D}"
EndProject
Project("{8BC9CEB8-8B4A-11D0-8D11-00A0C91BC942}") = "CreateThread", "src\thread\CreateThread\CreateThread.vcxproj", "{2AB87AE2-4C3D-45E2-B98F-1E92CD13F883}"
EndProject
Project("{8BC9CEB8-8B4A-11D0-8D11-00A0C91BC942}") = "CriticalSection", "src\thread\CriticalSection\CriticalSection.vcxproj", "{D92C5F17-77D2-43F8-A2B1-6E1D17095878}"
EndProject
Project("{8BC9CEB8-8B4A-11D0-8D11-00A0C91BC942}") = "Semaphore", "src\thread\Semaphore\Semaphore.vcxproj", "{63BAEEBF-A017-4909-96FD-10642B80BCF7}"
EndProject
Project("{8BC9CEB8-8B4A-11D0-8D11-00A0C91BC942}") = "ThreadControl", "src\thread\ThreadControl\ThreadControl.vcxproj", "{A3C2A7FD-4656-4E60-8F9A-27FAB4829D51}"
EndProject
Project("{8BC9CEB8-8B4A-11D0-8D11-00A0C91BC942}") = "ThreadEventWait", "src\thread\ThreadEventWait\ThreadEventWait.vcxproj", "{DE30634C-C847-4CC9-8BE9-25E0535EF9A5}"
EndProject
Project("{2150E333-8FDC-42A3-9474-1A3956D46DE8}") = "Examples", "Examples", "{CDDDE846-840A-4D2F-9ECF-15A4C86D7D7E}"
EndProject
Project("{8BC9CEB8-8B4A-11D0-8D11-00A0C91BC942}") = "AddressBook", "src\examples\AddressBook\AddressBook.vcxproj", "{B71AA5E4-8502-42DA-8569-69A442B42371}"
EndProject
Project("{2150E333-8FDC-42A3-9474-1A3956D46DE8}") = "Memory", "Memory", "{16684A93-827D-49FF-9F57-933FF881A894}"
EndProject
Project("{2150E333-8FDC-42A3-9474-1A3956D46DE8}") = "IPC", "IPC", "{B5377927-F5D5-4850-867C-9114F75DB2D2}"
EndProject
Project("{2150E333-8FDC-42A3-9474-1A3956D46DE8}") = "DLL", "DLL", "{13C76AA5-96EF-4C93-B1F9-3460595E0D5C}"
EndProject
Project("{8BC9CEB8-8B4A-11D0-8D11-00A0C91BC942}") = "FileInfo", "src\memory\FileInfo\FileInfo.vcxproj", "{F56E17D2-8604-40E0-8B60-6C343C9C3C2F}"
EndProject
Project("{8BC9CEB8-8B4A-11D0-8D11-00A0C91BC942}") = "FileCopy", "src\memory\FileCopy\FileCopy.vcxproj", "{C6E6DA8F-91DA-41F2-A4AB-47358B4A5645}"
EndProject
Project("{8BC9CEB8-8B4A-11D0-8D11-00A0C91BC942}") = "FileMapping", "src\memory\FileMappoing\FileMappoing.vcxproj", "{55F45EE3-8F39-47DB-9535-CBFEB4CFD894}"
EndProject
Project("{8BC9CEB8-8B4A-11D0-8D11-00A0C91BC942}") = "FileMapCopy", "FileMapCopy\FileMapCopy.vcxproj", "{1C5EE046-0B3B-4A1C-B065-D84503EA48C9}"
EndProject
Project("{8BC9CEB8-8B4A-11D0-8D11-00A0C91BC942}") = "FileCopyAsyncEvent", "FileCopyAsyncEvent\FileCopyAsyncEvent.vcxproj", "{921D04A0-0F0E-4D9B-AEC1-E22284E06FA1}"
EndProject
Project("{8BC9CEB8-8B4A-11D0-8D11-00A0C91BC942}") = "FileCopyAsyncCallback", "FileCopyAsyncCallback\FileCopyAsyncCallback.vcxproj", "{8A8ACBD2-2C20-40CD-89A4-F69AEC1F4D22}"
EndProject
Global
	GlobalSection(SolutionConfigurationPlatforms) = preSolution
		Debug|x64 = Debug|x64
		Debug|x86 = Debug|x86
		Release|x64 = Release|x64
		Release|x86 = Release|x86
	EndGlobalSection
	GlobalSection(ProjectConfigurationPlatforms) = postSolution
		{0052A019-0375-4C54-B3A7-A0B512DB0C68}.Debug|x64.ActiveCfg = Debug|x64
		{0052A019-0375-4C54-B3A7-A0B512DB0C68}.Debug|x64.Build.0 = Debug|x64
		{0052A019-0375-4C54-B3A7-A0B512DB0C68}.Debug|x86.ActiveCfg = Debug|Win32
		{0052A019-0375-4C54-B3A7-A0B512DB0C68}.Debug|x86.Build.0 = Debug|Win32
		{0052A019-0375-4C54-B3A7-A0B512DB0C68}.Release|x64.ActiveCfg = Release|x64
		{0052A019-0375-4C54-B3A7-A0B512DB0C68}.Release|x64.Build.0 = Release|x64
		{0052A019-0375-4C54-B3A7-A0B512DB0C68}.Release|x86.ActiveCfg = Release|Win32
		{0052A019-0375-4C54-B3A7-A0B512DB0C68}.Release|x86.Build.0 = Release|Win32
		{567A17B6-0F19-4D23-A57F-A1A4F7052E5B}.Debug|x64.ActiveCfg = Debug|x64
		{567A17B6-0F19-4D23-A57F-A1A4F7052E5B}.Debug|x64.Build.0 = Debug|x64
		{567A17B6-0F19-4D23-A57F-A1A4F7052E5B}.Debug|x86.ActiveCfg = Debug|Win32
		{567A17B6-0F19-4D23-A57F-A1A4F7052E5B}.Debug|x86.Build.0 = Debug|Win32
		{567A17B6-0F19-4D23-A57F-A1A4F7052E5B}.Release|x64.ActiveCfg = Release|x64
		{567A17B6-0F19-4D23-A57F-A1A4F7052E5B}.Release|x64.Build.0 = Release|x64
		{567A17B6-0F19-4D23-A57F-A1A4F7052E5B}.Release|x86.ActiveCfg = Release|Win32
		{567A17B6-0F19-4D23-A57F-A1A4F7052E5B}.Release|x86.Build.0 = Release|Win32
		{29259DD5-4C27-471B-A287-5CA6908CB792}.Debug|x64.ActiveCfg = Debug|x64
		{29259DD5-4C27-471B-A287-5CA6908CB792}.Debug|x64.Build.0 = Debug|x64
		{29259DD5-4C27-471B-A287-5CA6908CB792}.Debug|x86.ActiveCfg = Debug|Win32
		{29259DD5-4C27-471B-A287-5CA6908CB792}.Debug|x86.Build.0 = Debug|Win32
		{29259DD5-4C27-471B-A287-5CA6908CB792}.Release|x64.ActiveCfg = Release|x64
		{29259DD5-4C27-471B-A287-5CA6908CB792}.Release|x64.Build.0 = Release|x64
		{29259DD5-4C27-471B-A287-5CA6908CB792}.Release|x86.ActiveCfg = Release|Win32
		{29259DD5-4C27-471B-A287-5CA6908CB792}.Release|x86.Build.0 = Release|Win32
		{CD62A44B-1DB8-4494-AB41-6360F43B9F4D}.Debug|x64.ActiveCfg = Debug|x64
		{CD62A44B-1DB8-4494-AB41-6360F43B9F4D}.Debug|x64.Build.0 = Debug|x64
		{CD62A44B-1DB8-4494-AB41-6360F43B9F4D}.Debug|x86.ActiveCfg = Debug|Win32
		{CD62A44B-1DB8-4494-AB41-6360F43B9F4D}.Debug|x86.Build.0 = Debug|Win32
		{CD62A44B-1DB8-4494-AB41-6360F43B9F4D}.Release|x64.ActiveCfg = Release|x64
		{CD62A44B-1DB8-4494-AB41-6360F43B9F4D}.Release|x64.Build.0 = Release|x64
		{CD62A44B-1DB8-4494-AB41-6360F43B9F4D}.Release|x86.ActiveCfg = Release|Win32
		{CD62A44B-1DB8-4494-AB41-6360F43B9F4D}.Release|x86.Build.0 = Release|Win32
		{2AB87AE2-4C3D-45E2-B98F-1E92CD13F883}.Debug|x64.ActiveCfg = Debug|x64
		{2AB87AE2-4C3D-45E2-B98F-1E92CD13F883}.Debug|x64.Build.0 = Debug|x64
		{2AB87AE2-4C3D-45E2-B98F-1E92CD13F883}.Debug|x86.ActiveCfg = Debug|Win32
		{2AB87AE2-4C3D-45E2-B98F-1E92CD13F883}.Debug|x86.Build.0 = Debug|Win32
		{2AB87AE2-4C3D-45E2-B98F-1E92CD13F883}.Release|x64.ActiveCfg = Release|x64
		{2AB87AE2-4C3D-45E2-B98F-1E92CD13F883}.Release|x64.Build.0 = Release|x64
		{2AB87AE2-4C3D-45E2-B98F-1E92CD13F883}.Release|x86.ActiveCfg = Release|Win32
		{2AB87AE2-4C3D-45E2-B98F-1E92CD13F883}.Release|x86.Build.0 = Release|Win32
		{D92C5F17-77D2-43F8-A2B1-6E1D17095878}.Debug|x64.ActiveCfg = Debug|x64
		{D92C5F17-77D2-43F8-A2B1-6E1D17095878}.Debug|x64.Build.0 = Debug|x64
		{D92C5F17-77D2-43F8-A2B1-6E1D17095878}.Debug|x86.ActiveCfg = Debug|Win32
		{D92C5F17-77D2-43F8-A2B1-6E1D17095878}.Debug|x86.Build.0 = Debug|Win32
		{D92C5F17-77D2-43F8-A2B1-6E1D17095878}.Release|x64.ActiveCfg = Release|x64
		{D92C5F17-77D2-43F8-A2B1-6E1D17095878}.Release|x64.Build.0 = Release|x64
		{D92C5F17-77D2-43F8-A2B1-6E1D17095878}.Release|x86.ActiveCfg = Release|Win32
		{D92C5F17-77D2-43F8-A2B1-6E1D17095878}.Release|x86.Build.0 = Release|Win32
		{63BAEEBF-A017-4909-96FD-10642B80BCF7}.Debug|x64.ActiveCfg = Debug|x64
		{63BAEEBF-A017-4909-96FD-10642B80BCF7}.Debug|x64.Build.0 = Debug|x64
		{63BAEEBF-A017-4909-96FD-10642B80BCF7}.Debug|x86.ActiveCfg = Debug|Win32
		{63BAEEBF-A017-4909-96FD-10642B80BCF7}.Debug|x86.Build.0 = Debug|Win32
		{63BAEEBF-A017-4909-96FD-10642B80BCF7}.Release|x64.ActiveCfg = Release|x64
		{63BAEEBF-A017-4909-96FD-10642B80BCF7}.Release|x64.Build.0 = Release|x64
		{63BAEEBF-A017-4909-96FD-10642B80BCF7}.Release|x86.ActiveCfg = Release|Win32
		{63BAEEBF-A017-4909-96FD-10642B80BCF7}.Release|x86.Build.0 = Release|Win32
		{A3C2A7FD-4656-4E60-8F9A-27FAB4829D51}.Debug|x64.ActiveCfg = Debug|x64
		{A3C2A7FD-4656-4E60-8F9A-27FAB4829D51}.Debug|x64.Build.0 = Debug|x64
		{A3C2A7FD-4656-4E60-8F9A-27FAB4829D51}.Debug|x86.ActiveCfg = Debug|Win32
		{A3C2A7FD-4656-4E60-8F9A-27FAB4829D51}.Debug|x86.Build.0 = Debug|Win32
		{A3C2A7FD-4656-4E60-8F9A-27FAB4829D51}.Release|x64.ActiveCfg = Release|x64
		{A3C2A7FD-4656-4E60-8F9A-27FAB4829D51}.Release|x64.Build.0 = Release|x64
		{A3C2A7FD-4656-4E60-8F9A-27FAB4829D51}.Release|x86.ActiveCfg = Release|Win32
		{A3C2A7FD-4656-4E60-8F9A-27FAB4829D51}.Release|x86.Build.0 = Release|Win32
		{DE30634C-C847-4CC9-8BE9-25E0535EF9A5}.Debug|x64.ActiveCfg = Debug|x64
		{DE30634C-C847-4CC9-8BE9-25E0535EF9A5}.Debug|x64.Build.0 = Debug|x64
		{DE30634C-C847-4CC9-8BE9-25E0535EF9A5}.Debug|x86.ActiveCfg = Debug|Win32
		{DE30634C-C847-4CC9-8BE9-25E0535EF9A5}.Debug|x86.Build.0 = Debug|Win32
		{DE30634C-C847-4CC9-8BE9-25E0535EF9A5}.Release|x64.ActiveCfg = Release|x64
		{DE30634C-C847-4CC9-8BE9-25E0535EF9A5}.Release|x64.Build.0 = Release|x64
		{DE30634C-C847-4CC9-8BE9-25E0535EF9A5}.Release|x86.ActiveCfg = Release|Win32
		{DE30634C-C847-4CC9-8BE9-25E0535EF9A5}.Release|x86.Build.0 = Release|Win32
		{B71AA5E4-8502-42DA-8569-69A442B42371}.Debug|x64.ActiveCfg = Debug|x64
		{B71AA5E4-8502-42DA-8569-69A442B42371}.Debug|x64.Build.0 = Debug|x64
		{B71AA5E4-8502-42DA-8569-69A442B42371}.Debug|x86.ActiveCfg = Debug|Win32
		{B71AA5E4-8502-42DA-8569-69A442B42371}.Debug|x86.Build.0 = Debug|Win32
		{B71AA5E4-8502-42DA-8569-69A442B42371}.Release|x64.ActiveCfg = Release|x64
		{B71AA5E4-8502-42DA-8569-69A442B42371}.Release|x64.Build.0 = Release|x64
		{B71AA5E4-8502-42DA-8569-69A442B42371}.Release|x86.ActiveCfg = Release|Win32
		{B71AA5E4-8502-42DA-8569-69A442B42371}.Release|x86.Build.0 = Release|Win32
		{F56E17D2-8604-40E0-8B60-6C343C9C3C2F}.Debug|x64.ActiveCfg = Debug|x64
		{F56E17D2-8604-40E0-8B60-6C343C9C3C2F}.Debug|x64.Build.0 = Debug|x64
		{F56E17D2-8604-40E0-8B60-6C343C9C3C2F}.Debug|x86.ActiveCfg = Debug|Win32
		{F56E17D2-8604-40E0-8B60-6C343C9C3C2F}.Debug|x86.Build.0 = Debug|Win32
		{F56E17D2-8604-40E0-8B60-6C343C9C3C2F}.Release|x64.ActiveCfg = Release|x64
		{F56E17D2-8604-40E0-8B60-6C343C9C3C2F}.Release|x64.Build.0 = Release|x64
		{F56E17D2-8604-40E0-8B60-6C343C9C3C2F}.Release|x86.ActiveCfg = Release|Win32
		{F56E17D2-8604-40E0-8B60-6C343C9C3C2F}.Release|x86.Build.0 = Release|Win32
		{C6E6DA8F-91DA-41F2-A4AB-47358B4A5645}.Debug|x64.ActiveCfg = Debug|x64
		{C6E6DA8F-91DA-41F2-A4AB-47358B4A5645}.Debug|x64.Build.0 = Debug|x64
		{C6E6DA8F-91DA-41F2-A4AB-47358B4A5645}.Debug|x86.ActiveCfg = Debug|Win32
		{C6E6DA8F-91DA-41F2-A4AB-47358B4A5645}.Debug|x86.Build.0 = Debug|Win32
		{C6E6DA8F-91DA-41F2-A4AB-47358B4A5645}.Release|x64.ActiveCfg = Release|x64
		{C6E6DA8F-91DA-41F2-A4AB-47358B4A5645}.Release|x64.Build.0 = Release|x64
		{C6E6DA8F-91DA-41F2-A4AB-47358B4A5645}.Release|x86.ActiveCfg = Release|Win32
		{C6E6DA8F-91DA-41F2-A4AB-47358B4A5645}.Release|x86.Build.0 = Release|Win32
		{55F45EE3-8F39-47DB-9535-CBFEB4CFD894}.Debug|x64.ActiveCfg = Debug|x64
		{55F45EE3-8F39-47DB-9535-CBFEB4CFD894}.Debug|x64.Build.0 = Debug|x64
		{55F45EE3-8F39-47DB-9535-CBFEB4CFD894}.Debug|x86.ActiveCfg = Debug|Win32
		{55F45EE3-8F39-47DB-9535-CBFEB4CFD894}.Debug|x86.Build.0 = Debug|Win32
		{55F45EE3-8F39-47DB-9535-CBFEB4CFD894}.Release|x64.ActiveCfg = Release|x64
		{55F45EE3-8F39-47DB-9535-CBFEB4CFD894}.Release|x64.Build.0 = Release|x64
		{55F45EE3-8F39-47DB-9535-CBFEB4CFD894}.Release|x86.ActiveCfg = Release|Win32
		{55F45EE3-8F39-47DB-9535-CBFEB4CFD894}.Release|x86.Build.0 = Release|Win32
		{1C5EE046-0B3B-4A1C-B065-D84503EA48C9}.Debug|x64.ActiveCfg = Debug|x64
		{1C5EE046-0B3B-4A1C-B065-D84503EA48C9}.Debug|x64.Build.0 = Debug|x64
		{1C5EE046-0B3B-4A1C-B065-D84503EA48C9}.Debug|x86.ActiveCfg = Debug|Win32
		{1C5EE046-0B3B-4A1C-B065-D84503EA48C9}.Debug|x86.Build.0 = Debug|Win32
		{1C5EE046-0B3B-4A1C-B065-D84503EA48C9}.Release|x64.ActiveCfg = Release|x64
		{1C5EE046-0B3B-4A1C-B065-D84503EA48C9}.Release|x64.Build.0 = Release|x64
		{1C5EE046-0B3B-4A1C-B065-D84503EA48C9}.Release|x86.ActiveCfg = Release|Win32
		{1C5EE046-0B3B-4A1C-B065-D84503EA48C9}.Release|x86.Build.0 = Release|Win32
		{921D04A0-0F0E-4D9B-AEC1-E22284E06FA1}.Debug|x64.ActiveCfg = Debug|x64
		{921D04A0-0F0E-4D9B-AEC1-E22284E06FA1}.Debug|x64.Build.0 = Debug|x64
		{921D04A0-0F0E-4D9B-AEC1-E22284E06FA1}.Debug|x86.ActiveCfg = Debug|Win32
		{921D04A0-0F0E-4D9B-AEC1-E22284E06FA1}.Debug|x86.Build.0 = Debug|Win32
		{921D04A0-0F0E-4D9B-AEC1-E22284E06FA1}.Release|x64.ActiveCfg = Release|x64
		{921D04A0-0F0E-4D9B-AEC1-E22284E06FA1}.Release|x64.Build.0 = Release|x64
		{921D04A0-0F0E-4D9B-AEC1-E22284E06FA1}.Release|x86.ActiveCfg = Release|Win32
		{921D04A0-0F0E-4D9B-AEC1-E22284E06FA1}.Release|x86.Build.0 = Release|Win32
		{8A8ACBD2-2C20-40CD-89A4-F69AEC1F4D22}.Debug|x64.ActiveCfg = Debug|x64
		{8A8ACBD2-2C20-40CD-89A4-F69AEC1F4D22}.Debug|x64.Build.0 = Debug|x64
		{8A8ACBD2-2C20-40CD-89A4-F69AEC1F4D22}.Debug|x86.ActiveCfg = Debug|Win32
		{8A8ACBD2-2C20-40CD-89A4-F69AEC1F4D22}.Debug|x86.Build.0 = Debug|Win32
		{8A8ACBD2-2C20-40CD-89A4-F69AEC1F4D22}.Release|x64.ActiveCfg = Release|x64
		{8A8ACBD2-2C20-40CD-89A4-F69AEC1F4D22}.Release|x64.Build.0 = Release|x64
		{8A8ACBD2-2C20-40CD-89A4-F69AEC1F4D22}.Release|x86.ActiveCfg = Release|Win32
		{8A8ACBD2-2C20-40CD-89A4-F69AEC1F4D22}.Release|x86.Build.0 = Release|Win32
	EndGlobalSection
	GlobalSection(SolutionProperties) = preSolution
		HideSolutionNode = FALSE
	EndGlobalSection
	GlobalSection(NestedProjects) = preSolution
		{0052A019-0375-4C54-B3A7-A0B512DB0C68} = {C8D5274F-AC00-46C7-1F8D-E88E81087A52}
		{567A17B6-0F19-4D23-A57F-A1A4F7052E5B} = {E3AFC77F-D7EE-4399-866B-4234EB978C56}
		{29259DD5-4C27-471B-A287-5CA6908CB792} = {3BAA23A9-2429-4A52-AC22-0F4D33866FE4}
		{CD62A44B-1DB8-4494-AB41-6360F43B9F4D} = {3BAA23A9-2429-4A52-AC22-0F4D33866FE4}
		{2AB87AE2-4C3D-45E2-B98F-1E92CD13F883} = {3BAA23A9-2429-4A52-AC22-0F4D33866FE4}
		{D92C5F17-77D2-43F8-A2B1-6E1D17095878} = {3BAA23A9-2429-4A52-AC22-0F4D33866FE4}
		{63BAEEBF-A017-4909-96FD-10642B80BCF7} = {3BAA23A9-2429-4A52-AC22-0F4D33866FE4}
		{A3C2A7FD-4656-4E60-8F9A-27FAB4829D51} = {3BAA23A9-2429-4A52-AC22-0F4D33866FE4}
		{DE30634C-C847-4CC9-8BE9-25E0535EF9A5} = {3BAA23A9-2429-4A52-AC22-0F4D33866FE4}
		{B71AA5E4-8502-42DA-8569-69A442B42371} = {CDDDE846-840A-4D2F-9ECF-15A4C86D7D7E}
		{F56E17D2-8604-40E0-8B60-6C343C9C3C2F} = {16684A93-827D-49FF-9F57-933FF881A894}
		{C6E6DA8F-91DA-41F2-A4AB-47358B4A5645} = {16684A93-827D-49FF-9F57-933FF881A894}
		{55F45EE3-8F39-47DB-9535-CBFEB4CFD894} = {16684A93-827D-49FF-9F57-933FF881A894}
		{1C5EE046-0B3B-4A1C-B065-D84503EA48C9} = {16684A93-827D-49FF-9F57-933FF881A894}
		{921D04A0-0F0E-4D9B-AEC1-E22284E06FA1} = {16684A93-827D-49FF-9F57-933FF881A894}
		{8A8ACBD2-2C20-40CD-89A4-F69AEC1F4D22} = {16684A93-827D-49FF-9F57-933FF881A894}
	EndGlobalSection
	GlobalSection(ExtensibilityGlobals) = postSolution
		SolutionGuid = {A7DA44A0-9BC8-44DC-87CB-04B4EED3B132}
	EndGlobalSection
EndGlobal
